
Microsoft Visual Studio Solution File, Format Version 12.00
# Visual Studio Version 16
VisualStudioVersion = 16.0.29926.136
MinimumVisualStudioVersion = 10.0.40219.1
Project("{FAE04EC0-301F-11D3-BF4B-00C04F79EFBC}") = "MasterDetails_WPF", "MasterDetails_WPF\MasterDetails_WPF.csproj", "{4892F4BF-FF75-4F4F-AD86-C7F51F17FD2C}"
EndProject
Global
	GlobalSection(SolutionConfigurationPlatforms) = preSolution
		Debug|Any CPU = Debug|Any CPU
		Release|Any CPU = Release|Any CPU
	EndGlobalSection
	GlobalSection(ProjectConfigurationPlatforms) = postSolution
		{4892F4BF-FF75-4F4F-AD86-C7F51F17FD2C}.Debug|Any CPU.ActiveCfg = Debug|Any CPU
		{4892F4BF-FF75-4F4F-AD86-C7F51F17FD2C}.Debug|Any CPU.Build.0 = Debug|Any CPU
		{4892F4BF-FF75-4F4F-AD86-C7F51F17FD2C}.Release|Any CPU.ActiveCfg = Release|Any CPU
		{4892F4BF-FF75-4F4F-AD86-C7F51F17FD2C}.Release|Any CPU.Build.0 = Release|Any CPU
	EndGlobalSection
	GlobalSection(SolutionProperties) = preSolution
		HideSolutionNode = FALSE
	EndGlobalSection
	GlobalSection(ExtensibilityGlobals) = postSolution
		SolutionGuid = {537A55EE-6A29-4657-8C13-0167C9D09EEB}
	EndGlobalSection
EndGlobal
